PODS:
  - BigInt (5.0.0)
  - SwiftLint (0.38.0)
  - TrezorCrypto (0.0.9)

DEPENDENCIES:
  - BigInt (~> 5.0)
  - SwiftLint (~> 0.38.0)
  - TrezorCrypto

SPEC REPOS:
  trunk:
    - BigInt
    - SwiftLint
    - TrezorCrypto

SPEC CHECKSUMS:
  BigInt: 74b4d88367b0e819d9f77393549226d36faeb0d8
  SwiftLint: 4105f061f9812b214568b736dab580ab2c73a582
  TrezorCrypto: bfeea47a052dca2c77d4a39e1e183865e52de14d

PODFILE CHECKSUM: 9b587d44b3ae11a9d9b416d32bf9868568d1dc36

COCOAPODS: 1.8.4
